{
  "object": {
    "pins": [
      {
        "package": "AppAuth",
        "repositoryURL": "https://github.com/maxgoedjen/AppAuth-iOS",
        "state": {
          "branch": "nullability",
          "revision": "16d14f242c54efe60fe622845ee530e97f410437",
          "version": null
        }
      },
      {
        "package": "GoogleAPIClientForREST",
        "repositoryURL": "https://github.com/google/google-api-objectivec-client-for-rest",
        "state": {
          "branch": null,
          "revision": "6ca9e11f9a074284034f0c4dfc2f894ca83da06d",
          "version": "1.4.2"
        }
      },
      {
        "package": "GTMSessionFetcher",
        "repositoryURL": "https://github.com/google/gtm-session-fetcher.git",
        "state": {
          "branch": null,
          "revision": "1d4ef59335abfccee6150ca5c9b436c17c801fa9",
          "version": "1.4.0"
        }
      },
      {
        "package": "GTMAppAuth",
        "repositoryURL": "https://github.com/maxgoedjen/GTMAppAuth",
        "state": {
          "branch": "spm",
          "revision": "47366764f57de8f485608f40124a92ab65a72bd9",
          "version": null
        }
      }
    ]
  },
  "version": 1
}
