{
  "object": {
    "pins": [
      {
        "package": "AppAuth",
        "repositoryURL": "https://github.com/maxgoedjen/AppAuth-iOS",
        "state": {
          "branch": "nullability",
          "revision": "16d14f242c54efe60fe622845ee530e97f410437",
          "version": null
        }
      },
      {
        "package": "GoogleAPIClientForREST",
        "repositoryURL": "https://github.com/google/google-api-objectivec-client-for-rest",
        "state": {
          "branch": null,
          "revision": "9b6cd59f0974cb4105bdc9cece4f4ebf3b3893c7",
          "version": "1.5.1"
        }
      },
      {
        "package": "GTMSessionFetcher",
        "repositoryURL": "https://github.com/google/gtm-session-fetcher.git",
        "state": {
          "branch": null,
          "revision": "1d4ef59335abfccee6150ca5c9b436c17c801fa9",
          "version": "1.4.0"
        }
      },
      {
        "package": "GTMAppAuth",
        "repositoryURL": "https://github.com/google/GTMAppAuth.git",
        "state": {
          "branch": null,
          "revision": "319b2371c69138665d8cbd7c6700ceccbb49e04f",
          "version": "1.1.0"
        }
      }
    ]
  },
  "version": 1
}
