// !$*UTF8*$!
{
	archiveVersion = 1;
	classes = {
	};
	objectVersion = 52;
	objects = {

/* Begin PBXBuildFile section */
		500B0FDC2354448800C16CD0 /* AuthorizationController.swift in Sources */ = {isa = PBXBuildFile; fileRef = 500B0FDB2354448800C16CD0 /* AuthorizationController.swift */; };
		500B0FDE235446F600C16CD0 /* WatchController.swift in Sources */ = {isa = PBXBuildFile; fileRef = 500B0FDD235446F600C16CD0 /* WatchController.swift */; };
		500B0FDF23544B3100C16CD0 /* AccountStore.swift in Sources */ = {isa = PBXBuildFile; fileRef = 5076FD852353F5C6005AE0D1 /* AccountStore.swift */; };
		5018D8C725C298CF00F6844B /* GTMAppAuth in Frameworks */ = {isa = PBXBuildFile; productRef = 5018D8C625C298CF00F6844B /* GTMAppAuth */; };
		5018D8CE25C298DE00F6844B /* GTMAppAuth in Frameworks */ = {isa = PBXBuildFile; productRef = 5018D8CD25C298DE00F6844B /* GTMAppAuth */; };
		5018D8D525C2991100F6844B /* GoogleAPIClientForREST_Calendar in Frameworks */ = {isa = PBXBuildFile; productRef = 5018D8D425C2991100F6844B /* GoogleAPIClientForREST_Calendar */; };
		5020C7D522C48E5300031599 /* SampleData.swift in Sources */ = {isa = PBXBuildFile; fileRef = 5020C7D422C48E5300031599 /* SampleData.swift */; };
		5056176C235958D100B73186 /* ConnectPromptView.swift in Sources */ = {isa = PBXBuildFile; fileRef = 5056176B235958D100B73186 /* ConnectPromptView.swift */; };
		5056176E2359722100B73186 /* NoEventsView.swift in Sources */ = {isa = PBXBuildFile; fileRef = 5056176D2359722100B73186 /* NoEventsView.swift */; };
		5061CDC523504AAC001E6546 /* CalendarishAPI.framework in Frameworks */ = {isa = PBXBuildFile; fileRef = 5061CDBE23504AAC001E6546 /* CalendarishAPI.framework */; };
		5061CDC623504AAC001E6546 /* CalendarishAPI.framework in Embed Frameworks */ = {isa = PBXBuildFile; fileRef = 5061CDBE23504AAC001E6546 /* CalendarishAPI.framework */; settings = {ATTRIBUTES = (CodeSignOnCopy, RemoveHeadersOnCopy, ); }; };
		5061CDCB23504AB9001E6546 /* APIInits.swift in Sources */ = {isa = PBXBuildFile; fileRef = 50D2D49722B5FCAD00480806 /* APIInits.swift */; };
		5061CDCC23504AB9001E6546 /* API.swift in Sources */ = {isa = PBXBuildFile; fileRef = 50935BEE22B4AD7B00DB2178 /* API.swift */; };
		506AF3582355961700A89545 /* MainView.swift in Sources */ = {isa = PBXBuildFile; fileRef = 506AF3572355961700A89545 /* MainView.swift */; };
		5076FD8B23540DEB005AE0D1 /* Account.swift in Sources */ = {isa = PBXBuildFile; fileRef = 5076FD892353F69C005AE0D1 /* Account.swift */; };
		508257FF22C357DE00733C3C /* EventDetailView.swift in Sources */ = {isa = PBXBuildFile; fileRef = 508257FE22C357DE00733C3C /* EventDetailView.swift */; };
		50935B8522B4AA8A00DB2178 /* AppDelegate.swift in Sources */ = {isa = PBXBuildFile; fileRef = 50935B8422B4AA8A00DB2178 /* AppDelegate.swift */; };
		50935B8722B4AA8A00DB2178 /* ContentView.swift in Sources */ = {isa = PBXBuildFile; fileRef = 50935B8622B4AA8A00DB2178 /* ContentView.swift */; };
		50935B8922B4AA8D00DB2178 /* Assets.xcassets in Resources */ = {isa = PBXBuildFile; fileRef = 50935B8822B4AA8D00DB2178 /* Assets.xcassets */; };
		50935B8C22B4AA8D00DB2178 /* Preview Assets.xcassets in Resources */ = {isa = PBXBuildFile; fileRef = 50935B8B22B4AA8D00DB2178 /* Preview Assets.xcassets */; };
		50935B8F22B4AA8D00DB2178 /* LaunchScreen.storyboard in Resources */ = {isa = PBXBuildFile; fileRef = 50935B8D22B4AA8D00DB2178 /* LaunchScreen.storyboard */; };
		50935B9422B4AA8D00DB2178 /* Calendarish.app in Embed Watch Content */ = {isa = PBXBuildFile; fileRef = 50935B9322B4AA8D00DB2178 /* Calendarish.app */; settings = {ATTRIBUTES = (RemoveHeadersOnCopy, ); }; };
		50935B9A22B4AA8D00DB2178 /* Interface.storyboard in Resources */ = {isa = PBXBuildFile; fileRef = 50935B9822B4AA8D00DB2178 /* Interface.storyboard */; };
		50935B9C22B4AA8D00DB2178 /* Assets.xcassets in Resources */ = {isa = PBXBuildFile; fileRef = 50935B9B22B4AA8D00DB2178 /* Assets.xcassets */; };
		50935BA322B4AA8D00DB2178 /* Calendarish.appex in Embed App Extensions */ = {isa = PBXBuildFile; fileRef = 50935BA222B4AA8D00DB2178 /* Calendarish.appex */; settings = {ATTRIBUTES = (RemoveHeadersOnCopy, ); }; };
		50935BA822B4AA8D00DB2178 /* EventListView.swift in Sources */ = {isa = PBXBuildFile; fileRef = 50935BA722B4AA8D00DB2178 /* EventListView.swift */; };
		50935BAA22B4AA8D00DB2178 /* HostingController.swift in Sources */ = {isa = PBXBuildFile; fileRef = 50935BA922B4AA8D00DB2178 /* HostingController.swift */; };
		50935BAC22B4AA8D00DB2178 /* ExtensionDelegate.swift in Sources */ = {isa = PBXBuildFile; fileRef = 50935BAB22B4AA8D00DB2178 /* ExtensionDelegate.swift */; };
		50935BAE22B4AA8D00DB2178 /* NotificationController.swift in Sources */ = {isa = PBXBuildFile; fileRef = 50935BAD22B4AA8D00DB2178 /* NotificationController.swift */; };
		50935BB022B4AA8D00DB2178 /* NotificationView.swift in Sources */ = {isa = PBXBuildFile; fileRef = 50935BAF22B4AA8D00DB2178 /* NotificationView.swift */; };
		50935BB222B4AA8D00DB2178 /* ComplicationController.swift in Sources */ = {isa = PBXBuildFile; fileRef = 50935BB122B4AA8D00DB2178 /* ComplicationController.swift */; };
		50935BB422B4AA8E00DB2178 /* Assets.xcassets in Resources */ = {isa = PBXBuildFile; fileRef = 50935BB322B4AA8E00DB2178 /* Assets.xcassets */; };
		50935BB722B4AA8E00DB2178 /* Preview Assets.xcassets in Resources */ = {isa = PBXBuildFile; fileRef = 50935BB622B4AA8E00DB2178 /* Preview Assets.xcassets */; };
		50935BE022B4AD6100DB2178 /* CalendarishCoreTests.swift in Sources */ = {isa = PBXBuildFile; fileRef = 50935BDF22B4AD6100DB2178 /* CalendarishCoreTests.swift */; };
		50935BF522B4CBAD00DB2178 /* Configuration.swift in Sources */ = {isa = PBXBuildFile; fileRef = 50935BF422B4CBAD00DB2178 /* Configuration.swift */; };
		50A09F4B22C5EBFF005CDEA1 /* ShortcutController.swift in Sources */ = {isa = PBXBuildFile; fileRef = 50A09F4922C5EBFF005CDEA1 /* ShortcutController.swift */; };
		50A79B7F235BE43B00F61687 /* Color.swift in Sources */ = {isa = PBXBuildFile; fileRef = 50A79B7E235BE43B00F61687 /* Color.swift */; };
		50ABF49B2356C8390000DFEA /* BatchAPI.swift in Sources */ = {isa = PBXBuildFile; fileRef = 50ABF49A2356C8390000DFEA /* BatchAPI.swift */; };
		50ABF49D2356C8770000DFEA /* APIProtocol.swift in Sources */ = {isa = PBXBuildFile; fileRef = 50ABF49C2356C8770000DFEA /* APIProtocol.swift */; };
		50ABF49F2356F0630000DFEA /* Formatters.swift in Sources */ = {isa = PBXBuildFile; fileRef = 50ABF49E2356F0630000DFEA /* Formatters.swift */; };
		50B1E76122BB512A004A0B0D /* CalendarishCore.framework in Frameworks */ = {isa = PBXBuildFile; fileRef = 50B1E75A22BB512A004A0B0D /* CalendarishCore.framework */; };
		50B1E76222BB512A004A0B0D /* CalendarishCore.framework in Embed Frameworks */ = {isa = PBXBuildFile; fileRef = 50B1E75A22BB512A004A0B0D /* CalendarishCore.framework */; settings = {ATTRIBUTES = (CodeSignOnCopy, RemoveHeadersOnCopy, ); }; };
		50B1E76722BB519A004A0B0D /* Event.swift in Sources */ = {isa = PBXBuildFile; fileRef = 50D2D49322B5FB9F00480806 /* Event.swift */; };
		50B1E76822BB519A004A0B0D /* Calendar.swift in Sources */ = {isa = PBXBuildFile; fileRef = 50D2D49522B5FC7400480806 /* Calendar.swift */; };
		50B1E76922BB519A004A0B0D /* EventStore.swift in Sources */ = {isa = PBXBuildFile; fileRef = 50C9717622BA11E1005AF478 /* EventStore.swift */; };
		50C95BE124D295F0006D1318 /* GoogleAPIClientForREST_Calendar in Frameworks */ = {isa = PBXBuildFile; productRef = 50C95BE024D295F0006D1318 /* GoogleAPIClientForREST_Calendar */; };
		50C95BE324D295F0006D1318 /* GoogleAPIClientForRESTCore in Frameworks */ = {isa = PBXBuildFile; productRef = 50C95BE224D295F0006D1318 /* GoogleAPIClientForRESTCore */; };
		50C970EE22BA0CB2005AF478 /* CalendarishAPITests.swift in Sources */ = {isa = PBXBuildFile; fileRef = 50C970ED22BA0CB2005AF478 /* CalendarishAPITests.swift */; };
		50D8463325C280E200D6C476 /* AppAuth in Frameworks */ = {isa = PBXBuildFile; productRef = 50D8463225C280E200D6C476 /* AppAuth */; };
		50D8469925C2974800D6C476 /* GoogleAPIClientForRESTCore in Frameworks */ = {isa = PBXBuildFile; productRef = 50D8469825C2974800D6C476 /* GoogleAPIClientForRESTCore */; };
		50DC320923714A30004CC676 /* UserDefault.swift in Sources */ = {isa = PBXBuildFile; fileRef = 50DC320823714A30004CC676 /* UserDefault.swift */; };
		50DC320B23714BCA004CC676 /* SettingsStore.swift in Sources */ = {isa = PBXBuildFile; fileRef = 50DC320A23714BCA004CC676 /* SettingsStore.swift */; };
		50DC320D23714D00004CC676 /* SettingsView.swift in Sources */ = {isa = PBXBuildFile; fileRef = 50DC320C23714D00004CC676 /* SettingsView.swift */; };
		50EA2B8623558DE200C11B6B /* AccountListView.swift in Sources */ = {isa = PBXBuildFile; fileRef = 50EA2B8523558DE200C11B6B /* AccountListView.swift */; };
		50EF0BF922C352660070C192 /* Attendee.swift in Sources */ = {isa = PBXBuildFile; fileRef = 5037D7EE22C34FD700B76927 /* Attendee.swift */; };
		50F7D15F2378DF3400420604 /* CalendarishCore.framework in Frameworks */ = {isa = PBXBuildFile; fileRef = 50B1E75A22BB512A004A0B0D /* CalendarishCore.framework */; };
/* End PBXBuildFile section */

/* Begin PBXContainerItemProxy section */
		5061CDC323504AAC001E6546 /* PBXContainerItemProxy */ = {
			isa = PBXContainerItemProxy;
			containerPortal = 50935B7922B4AA8A00DB2178 /* Project object */;
			proxyType = 1;
			remoteGlobalIDString = 5061CDBD23504AAC001E6546;
			remoteInfo = CalendarishAPIWatch;
		};
		5061CDCD23504BAE001E6546 /* PBXContainerItemProxy */ = {
			isa = PBXContainerItemProxy;
			containerPortal = 50935B7922B4AA8A00DB2178 /* Project object */;
			proxyType = 1;
			remoteGlobalIDString = 50B1E75922BB512A004A0B0D;
			remoteInfo = CalendarishCoreWatch;
		};
		50935B9522B4AA8D00DB2178 /* PBXContainerItemProxy */ = {
			isa = PBXContainerItemProxy;
			containerPortal = 50935B7922B4AA8A00DB2178 /* Project object */;
			proxyType = 1;
			remoteGlobalIDString = 50935B9222B4AA8D00DB2178;
			remoteInfo = "Calendarish WatchKit App";
		};
		50935BA422B4AA8D00DB2178 /* PBXContainerItemProxy */ = {
			isa = PBXContainerItemProxy;
			containerPortal = 50935B7922B4AA8A00DB2178 /* Project object */;
			proxyType = 1;
			remoteGlobalIDString = 50935BA122B4AA8D00DB2178;
			remoteInfo = "Calendarish WatchKit Extension";
		};
		50B1E75F22BB512A004A0B0D /* PBXContainerItemProxy */ = {
			isa = PBXContainerItemProxy;
			containerPortal = 50935B7922B4AA8A00DB2178 /* Project object */;
			proxyType = 1;
			remoteGlobalIDString = 50B1E75922BB512A004A0B0D;
			remoteInfo = CalendarishCoreWatch;
		};
		50F7D15A2378DEE500420604 /* PBXContainerItemProxy */ = {
			isa = PBXContainerItemProxy;
			containerPortal = 50935B7922B4AA8A00DB2178 /* Project object */;
			proxyType = 1;
			remoteGlobalIDString = 50B1E75922BB512A004A0B0D;
			remoteInfo = CalendarishCore;
		};
		50F7D1602378DF6A00420604 /* PBXContainerItemProxy */ = {
			isa = PBXContainerItemProxy;
			containerPortal = 50935B7922B4AA8A00DB2178 /* Project object */;
			proxyType = 1;
			remoteGlobalIDString = 5061CDBD23504AAC001E6546;
			remoteInfo = CalendarishAPI;
		};
/* End PBXContainerItemProxy section */

/* Begin PBXCopyFilesBuildPhase section */
		50935BBF22B4AA8E00DB2178 /* Embed App Extensions */ = {
			isa = PBXCopyFilesBuildPhase;
			buildActionMask = 2147483647;
			dstPath = "";
			dstSubfolderSpec = 13;
			files = (
				50935BA322B4AA8D00DB2178 /* Calendarish.appex in Embed App Extensions */,
			);
			name = "Embed App Extensions";
			runOnlyForDeploymentPostprocessing = 0;
		};
		50935BC322B4AA8E00DB2178 /* Embed Watch Content */ = {
			isa = PBXCopyFilesBuildPhase;
			buildActionMask = 2147483647;
			dstPath = "$(CONTENTS_FOLDER_PATH)/Watch";
			dstSubfolderSpec = 16;
			files = (
				50935B9422B4AA8D00DB2178 /* Calendarish.app in Embed Watch Content */,
			);
			name = "Embed Watch Content";
			runOnlyForDeploymentPostprocessing = 0;
		};
		50935BEA22B4AD6100DB2178 /* Embed Frameworks */ = {
			isa = PBXCopyFilesBuildPhase;
			buildActionMask = 2147483647;
			dstPath = "";
			dstSubfolderSpec = 10;
			files = (
			);
			name = "Embed Frameworks";
			runOnlyForDeploymentPostprocessing = 0;
		};
		50B1E76622BB512A004A0B0D /* Embed Frameworks */ = {
			isa = PBXCopyFilesBuildPhase;
			buildActionMask = 2147483647;
			dstPath = "";
			dstSubfolderSpec = 10;
			files = (
				5061CDC623504AAC001E6546 /* CalendarishAPI.framework in Embed Frameworks */,
				50B1E76222BB512A004A0B0D /* CalendarishCore.framework in Embed Frameworks */,
			);
			name = "Embed Frameworks";
			runOnlyForDeploymentPostprocessing = 0;
		};
/* End PBXCopyFilesBuildPhase section */

/* Begin PBXFileReference section */
		500B0FDB2354448800C16CD0 /* AuthorizationController.swift */ = {isa = PBXFileReference; lastKnownFileType = sourcecode.swift; path = AuthorizationController.swift; sourceTree = "<group>"; };
		500B0FDD235446F600C16CD0 /* WatchController.swift */ = {isa = PBXFileReference; lastKnownFileType = sourcecode.swift; path = WatchController.swift; sourceTree = "<group>"; };
		5020C7D422C48E5300031599 /* SampleData.swift */ = {isa = PBXFileReference; lastKnownFileType = sourcecode.swift; path = SampleData.swift; sourceTree = "<group>"; };
		5037D7EE22C34FD700B76927 /* Attendee.swift */ = {isa = PBXFileReference; lastKnownFileType = sourcecode.swift; path = Attendee.swift; sourceTree = "<group>"; };
		5056176B235958D100B73186 /* ConnectPromptView.swift */ = {isa = PBXFileReference; lastKnownFileType = sourcecode.swift; path = ConnectPromptView.swift; sourceTree = "<group>"; };
		5056176D2359722100B73186 /* NoEventsView.swift */ = {isa = PBXFileReference; lastKnownFileType = sourcecode.swift; path = NoEventsView.swift; sourceTree = "<group>"; };
		5061CDBE23504AAC001E6546 /* CalendarishAPI.framework */ = {isa = PBXFileReference; explicitFileType = wrapper.framework; includeInIndex = 0; path = CalendarishAPI.framework; sourceTree = BUILT_PRODUCTS_DIR; };
		506AF3572355961700A89545 /* MainView.swift */ = {isa = PBXFileReference; lastKnownFileType = sourcecode.swift; path = MainView.swift; sourceTree = "<group>"; };
		5076FD852353F5C6005AE0D1 /* AccountStore.swift */ = {isa = PBXFileReference; lastKnownFileType = sourcecode.swift; path = AccountStore.swift; sourceTree = "<group>"; };
		5076FD892353F69C005AE0D1 /* Account.swift */ = {isa = PBXFileReference; lastKnownFileType = sourcecode.swift; path = Account.swift; sourceTree = "<group>"; };
		508257FE22C357DE00733C3C /* EventDetailView.swift */ = {isa = PBXFileReference; lastKnownFileType = sourcecode.swift; path = EventDetailView.swift; sourceTree = "<group>"; };
		50935B8122B4AA8A00DB2178 /* Calendarish.app */ = {isa = PBXFileReference; explicitFileType = wrapper.application; includeInIndex = 0; path = Calendarish.app; sourceTree = BUILT_PRODUCTS_DIR; };
		50935B8422B4AA8A00DB2178 /* AppDelegate.swift */ = {isa = PBXFileReference; lastKnownFileType = sourcecode.swift; path = AppDelegate.swift; sourceTree = "<group>"; };
		50935B8622B4AA8A00DB2178 /* ContentView.swift */ = {isa = PBXFileReference; lastKnownFileType = sourcecode.swift; path = ContentView.swift; sourceTree = "<group>"; };
		50935B8822B4AA8D00DB2178 /* Assets.xcassets */ = {isa = PBXFileReference; lastKnownFileType = folder.assetcatalog; path = Assets.xcassets; sourceTree = "<group>"; };
		50935B8B22B4AA8D00DB2178 /* Preview Assets.xcassets */ = {isa = PBXFileReference; lastKnownFileType = folder.assetcatalog; path = "Preview Assets.xcassets"; sourceTree = "<group>"; };
		50935B8E22B4AA8D00DB2178 /* Base */ = {isa = PBXFileReference; lastKnownFileType = file.storyboard; name = Base; path = Base.lproj/LaunchScreen.storyboard; sourceTree = "<group>"; };
		50935B9022B4AA8D00DB2178 /* Info.plist */ = {isa = PBXFileReference; lastKnownFileType = text.plist.xml; path = Info.plist; sourceTree = "<group>"; };
		50935B9322B4AA8D00DB2178 /* Calendarish.app */ = {isa = PBXFileReference; explicitFileType = wrapper.application; includeInIndex = 0; path = Calendarish.app; sourceTree = BUILT_PRODUCTS_DIR; };
		50935B9922B4AA8D00DB2178 /* Base */ = {isa = PBXFileReference; lastKnownFileType = file.storyboard; name = Base; path = Base.lproj/Interface.storyboard; sourceTree = "<group>"; };
		50935B9B22B4AA8D00DB2178 /* Assets.xcassets */ = {isa = PBXFileReference; lastKnownFileType = folder.assetcatalog; path = Assets.xcassets; sourceTree = "<group>"; };
		50935B9D22B4AA8D00DB2178 /* Info.plist */ = {isa = PBXFileReference; lastKnownFileType = text.plist.xml; path = Info.plist; sourceTree = "<group>"; };
		50935BA222B4AA8D00DB2178 /* Calendarish.appex */ = {isa = PBXFileReference; explicitFileType = "wrapper.app-extension"; includeInIndex = 0; path = Calendarish.appex; sourceTree = BUILT_PRODUCTS_DIR; };
		50935BA722B4AA8D00DB2178 /* EventListView.swift */ = {isa = PBXFileReference; lastKnownFileType = sourcecode.swift; path = EventListView.swift; sourceTree = "<group>"; };
		50935BA922B4AA8D00DB2178 /* HostingController.swift */ = {isa = PBXFileReference; lastKnownFileType = sourcecode.swift; path = HostingController.swift; sourceTree = "<group>"; };
		50935BAB22B4AA8D00DB2178 /* ExtensionDelegate.swift */ = {isa = PBXFileReference; lastKnownFileType = sourcecode.swift; path = ExtensionDelegate.swift; sourceTree = "<group>"; };
		50935BAD22B4AA8D00DB2178 /* NotificationController.swift */ = {isa = PBXFileReference; lastKnownFileType = sourcecode.swift; path = NotificationController.swift; sourceTree = "<group>"; };
		50935BAF22B4AA8D00DB2178 /* NotificationView.swift */ = {isa = PBXFileReference; lastKnownFileType = sourcecode.swift; path = NotificationView.swift; sourceTree = "<group>"; };
		50935BB122B4AA8D00DB2178 /* ComplicationController.swift */ = {isa = PBXFileReference; lastKnownFileType = sourcecode.swift; path = ComplicationController.swift; sourceTree = "<group>"; };
		50935BB322B4AA8E00DB2178 /* Assets.xcassets */ = {isa = PBXFileReference; lastKnownFileType = folder.assetcatalog; path = Assets.xcassets; sourceTree = "<group>"; };
		50935BB622B4AA8E00DB2178 /* Preview Assets.xcassets */ = {isa = PBXFileReference; lastKnownFileType = folder.assetcatalog; path = "Preview Assets.xcassets"; sourceTree = "<group>"; };
		50935BB822B4AA8E00DB2178 /* Info.plist */ = {isa = PBXFileReference; lastKnownFileType = text.plist.xml; path = Info.plist; sourceTree = "<group>"; };
		50935BB922B4AA8E00DB2178 /* PushNotificationPayload.apns */ = {isa = PBXFileReference; lastKnownFileType = text; path = PushNotificationPayload.apns; sourceTree = "<group>"; };
		50935BC722B4AB6300DB2178 /* Calendarish-Bridging-Header.h */ = {isa = PBXFileReference; lastKnownFileType = sourcecode.c.h; path = "Calendarish-Bridging-Header.h"; sourceTree = "<group>"; };
		50935BD222B4AD6100DB2178 /* CalendarishCore.h */ = {isa = PBXFileReference; lastKnownFileType = sourcecode.c.h; path = CalendarishCore.h; sourceTree = "<group>"; };
		50935BD322B4AD6100DB2178 /* Info.plist */ = {isa = PBXFileReference; lastKnownFileType = text.plist.xml; path = Info.plist; sourceTree = "<group>"; };
		50935BD822B4AD6100DB2178 /* CalendarishCoreTests.xctest */ = {isa = PBXFileReference; explicitFileType = wrapper.cfbundle; includeInIndex = 0; path = CalendarishCoreTests.xctest; sourceTree = BUILT_PRODUCTS_DIR; };
		50935BDF22B4AD6100DB2178 /* CalendarishCoreTests.swift */ = {isa = PBXFileReference; lastKnownFileType = sourcecode.swift; path = CalendarishCoreTests.swift; sourceTree = "<group>"; };
		50935BE122B4AD6100DB2178 /* Info.plist */ = {isa = PBXFileReference; lastKnownFileType = text.plist.xml; path = Info.plist; sourceTree = "<group>"; };
		50935BEE22B4AD7B00DB2178 /* API.swift */ = {isa = PBXFileReference; lastKnownFileType = sourcecode.swift; path = API.swift; sourceTree = "<group>"; };
		50935BF422B4CBAD00DB2178 /* Configuration.swift */ = {isa = PBXFileReference; lastKnownFileType = sourcecode.swift; path = Configuration.swift; sourceTree = "<group>"; };
		50A09F4922C5EBFF005CDEA1 /* ShortcutController.swift */ = {isa = PBXFileReference; lastKnownFileType = sourcecode.swift; path = ShortcutController.swift; sourceTree = "<group>"; };
		50A79B7E235BE43B00F61687 /* Color.swift */ = {isa = PBXFileReference; lastKnownFileType = sourcecode.swift; path = Color.swift; sourceTree = "<group>"; };
		50A79BB4235D43DC00F61687 /* Calendarish.entitlements */ = {isa = PBXFileReference; lastKnownFileType = text.plist.entitlements; path = Calendarish.entitlements; sourceTree = "<group>"; };
		50ABF49A2356C8390000DFEA /* BatchAPI.swift */ = {isa = PBXFileReference; lastKnownFileType = sourcecode.swift; path = BatchAPI.swift; sourceTree = "<group>"; };
		50ABF49C2356C8770000DFEA /* APIProtocol.swift */ = {isa = PBXFileReference; lastKnownFileType = sourcecode.swift; path = APIProtocol.swift; sourceTree = "<group>"; };
		50ABF49E2356F0630000DFEA /* Formatters.swift */ = {isa = PBXFileReference; lastKnownFileType = sourcecode.swift; path = Formatters.swift; sourceTree = "<group>"; };
		50B1E75A22BB512A004A0B0D /* CalendarishCore.framework */ = {isa = PBXFileReference; explicitFileType = wrapper.framework; includeInIndex = 0; path = CalendarishCore.framework; sourceTree = BUILT_PRODUCTS_DIR; };
		50C970E022BA0CB2005AF478 /* CalendarishAPI.h */ = {isa = PBXFileReference; lastKnownFileType = sourcecode.c.h; path = CalendarishAPI.h; sourceTree = "<group>"; };
		50C970E122BA0CB2005AF478 /* Info.plist */ = {isa = PBXFileReference; lastKnownFileType = text.plist.xml; path = Info.plist; sourceTree = "<group>"; };
		50C970E622BA0CB2005AF478 /* CalendarishAPITests.xctest */ = {isa = PBXFileReference; explicitFileType = wrapper.cfbundle; includeInIndex = 0; path = CalendarishAPITests.xctest; sourceTree = BUILT_PRODUCTS_DIR; };
		50C970ED22BA0CB2005AF478 /* CalendarishAPITests.swift */ = {isa = PBXFileReference; lastKnownFileType = sourcecode.swift; path = CalendarishAPITests.swift; sourceTree = "<group>"; };
		50C970EF22BA0CB2005AF478 /* Info.plist */ = {isa = PBXFileReference; lastKnownFileType = text.plist.xml; path = Info.plist; sourceTree = "<group>"; };
		50C9717622BA11E1005AF478 /* EventStore.swift */ = {isa = PBXFileReference; fileEncoding = 4; lastKnownFileType = sourcecode.swift; path = EventStore.swift; sourceTree = "<group>"; };
		50D2D49322B5FB9F00480806 /* Event.swift */ = {isa = PBXFileReference; lastKnownFileType = sourcecode.swift; path = Event.swift; sourceTree = "<group>"; };
		50D2D49522B5FC7400480806 /* Calendar.swift */ = {isa = PBXFileReference; lastKnownFileType = sourcecode.swift; path = Calendar.swift; sourceTree = "<group>"; };
		50D2D49722B5FCAD00480806 /* APIInits.swift */ = {isa = PBXFileReference; lastKnownFileType = sourcecode.swift; path = APIInits.swift; sourceTree = "<group>"; };
		50DC320823714A30004CC676 /* UserDefault.swift */ = {isa = PBXFileReference; lastKnownFileType = sourcecode.swift; path = UserDefault.swift; sourceTree = "<group>"; };
		50DC320A23714BCA004CC676 /* SettingsStore.swift */ = {isa = PBXFileReference; lastKnownFileType = sourcecode.swift; path = SettingsStore.swift; sourceTree = "<group>"; };
		50DC320C23714D00004CC676 /* SettingsView.swift */ = {isa = PBXFileReference; lastKnownFileType = sourcecode.swift; path = SettingsView.swift; sourceTree = "<group>"; };
		50EA2B8523558DE200C11B6B /* AccountListView.swift */ = {isa = PBXFileReference; lastKnownFileType = sourcecode.swift; path = AccountListView.swift; sourceTree = "<group>"; };
/* End PBXFileReference section */

/* Begin PBXFrameworksBuildPhase section */
		3415002E4E26B2649457CDD6 /* Frameworks */ = {
			isa = PBXFrameworksBuildPhase;
			buildActionMask = 2147483647;
			files = (
			);
			runOnlyForDeploymentPostprocessing = 0;
		};
		5061CDBB23504AAC001E6546 /* Frameworks */ = {
			isa = PBXFrameworksBuildPhase;
			buildActionMask = 2147483647;
			files = (
				50C95BE324D295F0006D1318 /* GoogleAPIClientForRESTCore in Frameworks */,
				50C95BE124D295F0006D1318 /* GoogleAPIClientForREST_Calendar in Frameworks */,
				5018D8CE25C298DE00F6844B /* GTMAppAuth in Frameworks */,
			);
			runOnlyForDeploymentPostprocessing = 0;
		};
		50935B7E22B4AA8A00DB2178 /* Frameworks */ = {
			isa = PBXFrameworksBuildPhase;
			buildActionMask = 2147483647;
			files = (
				50D8463325C280E200D6C476 /* AppAuth in Frameworks */,
				50D8469925C2974800D6C476 /* GoogleAPIClientForRESTCore in Frameworks */,
				5018D8C725C298CF00F6844B /* GTMAppAuth in Frameworks */,
				5018D8D525C2991100F6844B /* GoogleAPIClientForREST_Calendar in Frameworks */,
			);
			runOnlyForDeploymentPostprocessing = 0;
		};
		50935B9F22B4AA8D00DB2178 /* Frameworks */ = {
			isa = PBXFrameworksBuildPhase;
			buildActionMask = 2147483647;
			files = (
				5061CDC523504AAC001E6546 /* CalendarishAPI.framework in Frameworks */,
				50B1E76122BB512A004A0B0D /* CalendarishCore.framework in Frameworks */,
			);
			runOnlyForDeploymentPostprocessing = 0;
		};
		50935BD522B4AD6100DB2178 /* Frameworks */ = {
			isa = PBXFrameworksBuildPhase;
			buildActionMask = 2147483647;
			files = (
				50F7D15F2378DF3400420604 /* CalendarishCore.framework in Frameworks */,
			);
			runOnlyForDeploymentPostprocessing = 0;
		};
		50B1E75722BB512A004A0B0D /* Frameworks */ = {
			isa = PBXFrameworksBuildPhase;
			buildActionMask = 2147483647;
			files = (
			);
			runOnlyForDeploymentPostprocessing = 0;
		};
		50C970E322BA0CB2005AF478 /* Frameworks */ = {
			isa = PBXFrameworksBuildPhase;
			buildActionMask = 2147483647;
			files = (
			);
			runOnlyForDeploymentPostprocessing = 0;
		};
/* End PBXFrameworksBuildPhase section */

/* Begin PBXGroup section */
		5033B5D424D28B2A00C1F296 /* Frameworks */ = {
			isa = PBXGroup;
			children = (
			);
			name = Frameworks;
			sourceTree = "<group>";
		};
		50935B7822B4AA8A00DB2178 = {
			isa = PBXGroup;
			children = (
				50935B8322B4AA8A00DB2178 /* Calendarish */,
				50935B9722B4AA8D00DB2178 /* Calendarish WatchKit App */,
				50935BA622B4AA8D00DB2178 /* Calendarish WatchKit Extension */,
				50935BD122B4AD6100DB2178 /* CalendarishCore */,
				50935BDE22B4AD6100DB2178 /* CalendarishCoreTests */,
				50C970DF22BA0CB2005AF478 /* CalendarishAPI */,
				50C970EC22BA0CB2005AF478 /* CalendarishAPITests */,
				50935B8222B4AA8A00DB2178 /* Products */,
				5033B5D424D28B2A00C1F296 /* Frameworks */,
			);
			sourceTree = "<group>";
		};
		50935B8222B4AA8A00DB2178 /* Products */ = {
			isa = PBXGroup;
			children = (
				50935B8122B4AA8A00DB2178 /* Calendarish.app */,
				50935B9322B4AA8D00DB2178 /* Calendarish.app */,
				50935BA222B4AA8D00DB2178 /* Calendarish.appex */,
				50935BD822B4AD6100DB2178 /* CalendarishCoreTests.xctest */,
				50C970E622BA0CB2005AF478 /* CalendarishAPITests.xctest */,
				50B1E75A22BB512A004A0B0D /* CalendarishCore.framework */,
				5061CDBE23504AAC001E6546 /* CalendarishAPI.framework */,
			);
			name = Products;
			sourceTree = "<group>";
		};
		50935B8322B4AA8A00DB2178 /* Calendarish */ = {
			isa = PBXGroup;
			children = (
				50935B8422B4AA8A00DB2178 /* AppDelegate.swift */,
				50935B8622B4AA8A00DB2178 /* ContentView.swift */,
				500B0FDB2354448800C16CD0 /* AuthorizationController.swift */,
				500B0FDD235446F600C16CD0 /* WatchController.swift */,
				50935BF422B4CBAD00DB2178 /* Configuration.swift */,
				50935B8822B4AA8D00DB2178 /* Assets.xcassets */,
				50935B8D22B4AA8D00DB2178 /* LaunchScreen.storyboard */,
				50935B9022B4AA8D00DB2178 /* Info.plist */,
				50935B8A22B4AA8D00DB2178 /* Preview Content */,
				50935BC722B4AB6300DB2178 /* Calendarish-Bridging-Header.h */,
			);
			path = Calendarish;
			sourceTree = "<group>";
		};
		50935B8A22B4AA8D00DB2178 /* Preview Content */ = {
			isa = PBXGroup;
			children = (
				50935B8B22B4AA8D00DB2178 /* Preview Assets.xcassets */,
			);
			path = "Preview Content";
			sourceTree = "<group>";
		};
		50935B9722B4AA8D00DB2178 /* Calendarish WatchKit App */ = {
			isa = PBXGroup;
			children = (
				50935B9822B4AA8D00DB2178 /* Interface.storyboard */,
				50935B9B22B4AA8D00DB2178 /* Assets.xcassets */,
				50935B9D22B4AA8D00DB2178 /* Info.plist */,
			);
			path = "Calendarish WatchKit App";
			sourceTree = "<group>";
		};
		50935BA622B4AA8D00DB2178 /* Calendarish WatchKit Extension */ = {
			isa = PBXGroup;
			children = (
				50A79BB4235D43DC00F61687 /* Calendarish.entitlements */,
				50935BA922B4AA8D00DB2178 /* HostingController.swift */,
				50935BAB22B4AA8D00DB2178 /* ExtensionDelegate.swift */,
				50935BAD22B4AA8D00DB2178 /* NotificationController.swift */,
				50EA2B8723558DF300C11B6B /* Views */,
				50935BB122B4AA8D00DB2178 /* ComplicationController.swift */,
				50DC320823714A30004CC676 /* UserDefault.swift */,
				50DC320A23714BCA004CC676 /* SettingsStore.swift */,
				50ABF49E2356F0630000DFEA /* Formatters.swift */,
				50A79B7E235BE43B00F61687 /* Color.swift */,
				50935BB322B4AA8E00DB2178 /* Assets.xcassets */,
				50935BB822B4AA8E00DB2178 /* Info.plist */,
				50935BB922B4AA8E00DB2178 /* PushNotificationPayload.apns */,
				50935BB522B4AA8E00DB2178 /* Preview Content */,
			);
			path = "Calendarish WatchKit Extension";
			sourceTree = "<group>";
		};
		50935BB522B4AA8E00DB2178 /* Preview Content */ = {
			isa = PBXGroup;
			children = (
				5020C7D422C48E5300031599 /* SampleData.swift */,
				50935BB622B4AA8E00DB2178 /* Preview Assets.xcassets */,
			);
			path = "Preview Content";
			sourceTree = "<group>";
		};
		50935BD122B4AD6100DB2178 /* CalendarishCore */ = {
			isa = PBXGroup;
			children = (
				50935BD222B4AD6100DB2178 /* CalendarishCore.h */,
				50D2D49322B5FB9F00480806 /* Event.swift */,
				50D2D49522B5FC7400480806 /* Calendar.swift */,
				5037D7EE22C34FD700B76927 /* Attendee.swift */,
				50C9717622BA11E1005AF478 /* EventStore.swift */,
				5076FD852353F5C6005AE0D1 /* AccountStore.swift */,
				5076FD892353F69C005AE0D1 /* Account.swift */,
				50A09F4922C5EBFF005CDEA1 /* ShortcutController.swift */,
				50935BD322B4AD6100DB2178 /* Info.plist */,
			);
			path = CalendarishCore;
			sourceTree = "<group>";
		};
		50935BDE22B4AD6100DB2178 /* CalendarishCoreTests */ = {
			isa = PBXGroup;
			children = (
				50935BDF22B4AD6100DB2178 /* CalendarishCoreTests.swift */,
				50935BE122B4AD6100DB2178 /* Info.plist */,
			);
			path = CalendarishCoreTests;
			sourceTree = "<group>";
		};
		50C970DF22BA0CB2005AF478 /* CalendarishAPI */ = {
			isa = PBXGroup;
			children = (
				50C970E022BA0CB2005AF478 /* CalendarishAPI.h */,
				50D2D49722B5FCAD00480806 /* APIInits.swift */,
				50ABF49C2356C8770000DFEA /* APIProtocol.swift */,
				50935BEE22B4AD7B00DB2178 /* API.swift */,
				50ABF49A2356C8390000DFEA /* BatchAPI.swift */,
				50C970E122BA0CB2005AF478 /* Info.plist */,
			);
			path = CalendarishAPI;
			sourceTree = "<group>";
		};
		50C970EC22BA0CB2005AF478 /* CalendarishAPITests */ = {
			isa = PBXGroup;
			children = (
				50C970ED22BA0CB2005AF478 /* CalendarishAPITests.swift */,
				50C970EF22BA0CB2005AF478 /* Info.plist */,
			);
			path = CalendarishAPITests;
			sourceTree = "<group>";
		};
		50EA2B8723558DF300C11B6B /* Views */ = {
			isa = PBXGroup;
			children = (
				50935BA722B4AA8D00DB2178 /* EventListView.swift */,
				506AF3572355961700A89545 /* MainView.swift */,
				508257FE22C357DE00733C3C /* EventDetailView.swift */,
				50EA2B8523558DE200C11B6B /* AccountListView.swift */,
				50935BAF22B4AA8D00DB2178 /* NotificationView.swift */,
				5056176B235958D100B73186 /* ConnectPromptView.swift */,
				5056176D2359722100B73186 /* NoEventsView.swift */,
				50DC320C23714D00004CC676 /* SettingsView.swift */,
			);
			path = Views;
			sourceTree = "<group>";
		};
/* End PBXGroup section */

/* Begin PBXHeadersBuildPhase section */
		5061CDB923504AAC001E6546 /* Headers */ = {
			isa = PBXHeadersBuildPhase;
			buildActionMask = 2147483647;
			files = (
			);
			runOnlyForDeploymentPostprocessing = 0;
		};
		50B1E75522BB512A004A0B0D /* Headers */ = {
			isa = PBXHeadersBuildPhase;
			buildActionMask = 2147483647;
			files = (
			);
			runOnlyForDeploymentPostprocessing = 0;
		};
/* End PBXHeadersBuildPhase section */

/* Begin PBXNativeTarget section */
		5061CDBD23504AAC001E6546 /* CalendarishAPI */ = {
			isa = PBXNativeTarget;
			buildConfigurationList = 5061CDC923504AAC001E6546 /* Build configuration list for PBXNativeTarget "CalendarishAPI" */;
			buildPhases = (
				5061CDB923504AAC001E6546 /* Headers */,
				5061CDBA23504AAC001E6546 /* Sources */,
				5061CDBB23504AAC001E6546 /* Frameworks */,
				5061CDBC23504AAC001E6546 /* Resources */,
			);
			buildRules = (
			);
			dependencies = (
				5061CDCE23504BAE001E6546 /* PBXTargetDependency */,
			);
			name = CalendarishAPI;
			packageProductDependencies = (
				50C95BE024D295F0006D1318 /* GoogleAPIClientForREST_Calendar */,
				50C95BE224D295F0006D1318 /* GoogleAPIClientForRESTCore */,
				5018D8CD25C298DE00F6844B /* GTMAppAuth */,
			);
			productName = CalendarishAPIWatch;
			productReference = 5061CDBE23504AAC001E6546 /* CalendarishAPI.framework */;
			productType = "com.apple.product-type.framework";
		};
		50935B8022B4AA8A00DB2178 /* Calendarish */ = {
			isa = PBXNativeTarget;
			buildConfigurationList = 50935BC422B4AA8E00DB2178 /* Build configuration list for PBXNativeTarget "Calendarish" */;
			buildPhases = (
				50935B7D22B4AA8A00DB2178 /* Sources */,
				50935B7E22B4AA8A00DB2178 /* Frameworks */,
				50935B7F22B4AA8A00DB2178 /* Resources */,
				50935BC322B4AA8E00DB2178 /* Embed Watch Content */,
				50935BEA22B4AD6100DB2178 /* Embed Frameworks */,
			);
			buildRules = (
			);
			dependencies = (
				50D8468225C2944C00D6C476 /* PBXTargetDependency */,
				50935B9622B4AA8D00DB2178 /* PBXTargetDependency */,
			);
			name = Calendarish;
			packageProductDependencies = (
				50D8463225C280E200D6C476 /* AppAuth */,
				50D8469825C2974800D6C476 /* GoogleAPIClientForRESTCore */,
				5018D8C625C298CF00F6844B /* GTMAppAuth */,
				5018D8D425C2991100F6844B /* GoogleAPIClientForREST_Calendar */,
			);
			productName = Calendarish;
			productReference = 50935B8122B4AA8A00DB2178 /* Calendarish.app */;
			productType = "com.apple.product-type.application";
		};
		50935B9222B4AA8D00DB2178 /* Calendarish WatchKit App */ = {
			isa = PBXNativeTarget;
			buildConfigurationList = 50935BC022B4AA8E00DB2178 /* Build configuration list for PBXNativeTarget "Calendarish WatchKit App" */;
			buildPhases = (
				50935B9122B4AA8D00DB2178 /* Resources */,
				50935BBF22B4AA8E00DB2178 /* Embed App Extensions */,
				3415002E4E26B2649457CDD6 /* Frameworks */,
			);
			buildRules = (
			);
			dependencies = (
				50935BA522B4AA8D00DB2178 /* PBXTargetDependency */,
			);
			name = "Calendarish WatchKit App";
			productName = "Calendarish WatchKit App";
			productReference = 50935B9322B4AA8D00DB2178 /* Calendarish.app */;
			productType = "com.apple.product-type.application.watchapp2";
		};
		50935BA122B4AA8D00DB2178 /* Calendarish WatchKit Extension */ = {
			isa = PBXNativeTarget;
			buildConfigurationList = 50935BBC22B4AA8E00DB2178 /* Build configuration list for PBXNativeTarget "Calendarish WatchKit Extension" */;
			buildPhases = (
				50935B9E22B4AA8D00DB2178 /* Sources */,
				50935B9F22B4AA8D00DB2178 /* Frameworks */,
				50935BA022B4AA8D00DB2178 /* Resources */,
				50B1E76622BB512A004A0B0D /* Embed Frameworks */,
			);
			buildRules = (
			);
			dependencies = (
				50B1E76022BB512A004A0B0D /* PBXTargetDependency */,
				5061CDC423504AAC001E6546 /* PBXTargetDependency */,
			);
			name = "Calendarish WatchKit Extension";
			productName = "Calendarish WatchKit Extension";
			productReference = 50935BA222B4AA8D00DB2178 /* Calendarish.appex */;
			productType = "com.apple.product-type.watchkit2-extension";
		};
		50935BD722B4AD6100DB2178 /* CalendarishCoreTests */ = {
			isa = PBXNativeTarget;
			buildConfigurationList = 50935BEB22B4AD6100DB2178 /* Build configuration list for PBXNativeTarget "CalendarishCoreTests" */;
			buildPhases = (
				50935BD422B4AD6100DB2178 /* Sources */,
				50935BD522B4AD6100DB2178 /* Frameworks */,
				50935BD622B4AD6100DB2178 /* Resources */,
			);
			buildRules = (
			);
			dependencies = (
				50F7D15B2378DEE500420604 /* PBXTargetDependency */,
			);
			name = CalendarishCoreTests;
			productName = CalendarishCoreTests;
			productReference = 50935BD822B4AD6100DB2178 /* CalendarishCoreTests.xctest */;
			productType = "com.apple.product-type.bundle.unit-test";
		};
		50B1E75922BB512A004A0B0D /* CalendarishCore */ = {
			isa = PBXNativeTarget;
			buildConfigurationList = 50B1E76322BB512A004A0B0D /* Build configuration list for PBXNativeTarget "CalendarishCore" */;
			buildPhases = (
				50B1E75522BB512A004A0B0D /* Headers */,
				50B1E75622BB512A004A0B0D /* Sources */,
				50B1E75722BB512A004A0B0D /* Frameworks */,
				50B1E75822BB512A004A0B0D /* Resources */,
			);
			buildRules = (
			);
			dependencies = (
			);
			name = CalendarishCore;
			productName = CalendarishCoreWatch;
			productReference = 50B1E75A22BB512A004A0B0D /* CalendarishCore.framework */;
			productType = "com.apple.product-type.framework";
		};
		50C970E522BA0CB2005AF478 /* CalendarishAPITests */ = {
			isa = PBXNativeTarget;
			buildConfigurationList = 50C970FA22BA0CB2005AF478 /* Build configuration list for PBXNativeTarget "CalendarishAPITests" */;
			buildPhases = (
				50C970E222BA0CB2005AF478 /* Sources */,
				50C970E322BA0CB2005AF478 /* Frameworks */,
				50C970E422BA0CB2005AF478 /* Resources */,
			);
			buildRules = (
			);
			dependencies = (
				50F7D1612378DF6A00420604 /* PBXTargetDependency */,
			);
			name = CalendarishAPITests;
			productName = CalendarishAPITests;
			productReference = 50C970E622BA0CB2005AF478 /* CalendarishAPITests.xctest */;
			productType = "com.apple.product-type.bundle.unit-test";
		};
/* End PBXNativeTarget section */

/* Begin PBXProject section */
		50935B7922B4AA8A00DB2178 /* Project object */ = {
			isa = PBXProject;
			attributes = {
				LastSwiftUpdateCheck = 1100;
				LastUpgradeCheck = 1100;
				ORGANIZATIONNAME = "Max Goedjen";
				TargetAttributes = {
					5061CDBD23504AAC001E6546 = {
						CreatedOnToolsVersion = 11.1;
					};
					50935B8022B4AA8A00DB2178 = {
						CreatedOnToolsVersion = 11.0;
						LastSwiftMigration = 1100;
					};
					50935B9222B4AA8D00DB2178 = {
						CreatedOnToolsVersion = 11.0;
					};
					50935BA122B4AA8D00DB2178 = {
						CreatedOnToolsVersion = 11.0;
					};
					50935BD722B4AD6100DB2178 = {
						CreatedOnToolsVersion = 11.0;
					};
					50B1E75922BB512A004A0B0D = {
						CreatedOnToolsVersion = 11.0;
					};
					50C970E522BA0CB2005AF478 = {
						CreatedOnToolsVersion = 11.0;
					};
				};
			};
			buildConfigurationList = 50935B7C22B4AA8A00DB2178 /* Build configuration list for PBXProject "Calendarish" */;
			compatibilityVersion = "Xcode 9.3";
			developmentRegion = en;
			hasScannedForEncodings = 0;
			knownRegions = (
				en,
				Base,
			);
			mainGroup = 50935B7822B4AA8A00DB2178;
			packageReferences = (
				50C95BDF24D295F0006D1318 /* XCRemoteSwiftPackageReference "google-api-objectivec-client-for-rest" */,
				50D8463125C280E200D6C476 /* XCRemoteSwiftPackageReference "AppAuth-iOS" */,
				5018D8B425C2989800F6844B /* XCRemoteSwiftPackageReference "GTMAppAuth" */,
			);
			productRefGroup = 50935B8222B4AA8A00DB2178 /* Products */;
			projectDirPath = "";
			projectRoot = "";
			targets = (
				50935B8022B4AA8A00DB2178 /* Calendarish */,
				50935BA122B4AA8D00DB2178 /* Calendarish WatchKit Extension */,
				50935B9222B4AA8D00DB2178 /* Calendarish WatchKit App */,
				50B1E75922BB512A004A0B0D /* CalendarishCore */,
				50935BD722B4AD6100DB2178 /* CalendarishCoreTests */,
				5061CDBD23504AAC001E6546 /* CalendarishAPI */,
				50C970E522BA0CB2005AF478 /* CalendarishAPITests */,
			);
		};
/* End PBXProject section */

/* Begin PBXResourcesBuildPhase section */
		5061CDBC23504AAC001E6546 /* Resources */ = {
			isa = PBXResourcesBuildPhase;
			buildActionMask = 2147483647;
			files = (
			);
			runOnlyForDeploymentPostprocessing = 0;
		};
		50935B7F22B4AA8A00DB2178 /* Resources */ = {
			isa = PBXResourcesBuildPhase;
			buildActionMask = 2147483647;
			files = (
				50935B8F22B4AA8D00DB2178 /* LaunchScreen.storyboard in Resources */,
				50935B8C22B4AA8D00DB2178 /* Preview Assets.xcassets in Resources */,
				50935B8922B4AA8D00DB2178 /* Assets.xcassets in Resources */,
			);
			runOnlyForDeploymentPostprocessing = 0;
		};
		50935B9122B4AA8D00DB2178 /* Resources */ = {
			isa = PBXResourcesBuildPhase;
			buildActionMask = 2147483647;
			files = (
				50935B9C22B4AA8D00DB2178 /* Assets.xcassets in Resources */,
				50935B9A22B4AA8D00DB2178 /* Interface.storyboard in Resources */,
			);
			runOnlyForDeploymentPostprocessing = 0;
		};
		50935BA022B4AA8D00DB2178 /* Resources */ = {
			isa = PBXResourcesBuildPhase;
			buildActionMask = 2147483647;
			files = (
				50935BB722B4AA8E00DB2178 /* Preview Assets.xcassets in Resources */,
				50935BB422B4AA8E00DB2178 /* Assets.xcassets in Resources */,
			);
			runOnlyForDeploymentPostprocessing = 0;
		};
		50935BD622B4AD6100DB2178 /* Resources */ = {
			isa = PBXResourcesBuildPhase;
			buildActionMask = 2147483647;
			files = (
			);
			runOnlyForDeploymentPostprocessing = 0;
		};
		50B1E75822BB512A004A0B0D /* Resources */ = {
			isa = PBXResourcesBuildPhase;
			buildActionMask = 2147483647;
			files = (
			);
			runOnlyForDeploymentPostprocessing = 0;
		};
		50C970E422BA0CB2005AF478 /* Resources */ = {
			isa = PBXResourcesBuildPhase;
			buildActionMask = 2147483647;
			files = (
			);
			runOnlyForDeploymentPostprocessing = 0;
		};
/* End PBXResourcesBuildPhase section */

/* Begin PBXSourcesBuildPhase section */
		5061CDBA23504AAC001E6546 /* Sources */ = {
			isa = PBXSourcesBuildPhase;
			buildActionMask = 2147483647;
			files = (
				50ABF49D2356C8770000DFEA /* APIProtocol.swift in Sources */,
				5061CDCB23504AB9001E6546 /* APIInits.swift in Sources */,
				5061CDCC23504AB9001E6546 /* API.swift in Sources */,
				50ABF49B2356C8390000DFEA /* BatchAPI.swift in Sources */,
			);
			runOnlyForDeploymentPostprocessing = 0;
		};
		50935B7D22B4AA8A00DB2178 /* Sources */ = {
			isa = PBXSourcesBuildPhase;
			buildActionMask = 2147483647;
			files = (
				50935BF522B4CBAD00DB2178 /* Configuration.swift in Sources */,
				500B0FDC2354448800C16CD0 /* AuthorizationController.swift in Sources */,
				50935B8722B4AA8A00DB2178 /* ContentView.swift in Sources */,
				500B0FDE235446F600C16CD0 /* WatchController.swift in Sources */,
				50935B8522B4AA8A00DB2178 /* AppDelegate.swift in Sources */,
			);
			runOnlyForDeploymentPostprocessing = 0;
		};
		50935B9E22B4AA8D00DB2178 /* Sources */ = {
			isa = PBXSourcesBuildPhase;
			buildActionMask = 2147483647;
			files = (
				50EA2B8623558DE200C11B6B /* AccountListView.swift in Sources */,
				5056176C235958D100B73186 /* ConnectPromptView.swift in Sources */,
				50DC320923714A30004CC676 /* UserDefault.swift in Sources */,
				50935BAA22B4AA8D00DB2178 /* HostingController.swift in Sources */,
				50ABF49F2356F0630000DFEA /* Formatters.swift in Sources */,
				50DC320D23714D00004CC676 /* SettingsView.swift in Sources */,
				50935BA822B4AA8D00DB2178 /* EventListView.swift in Sources */,
				5056176E2359722100B73186 /* NoEventsView.swift in Sources */,
				506AF3582355961700A89545 /* MainView.swift in Sources */,
				50935BAE22B4AA8D00DB2178 /* NotificationController.swift in Sources */,
				50935BAC22B4AA8D00DB2178 /* ExtensionDelegate.swift in Sources */,
				50DC320B23714BCA004CC676 /* SettingsStore.swift in Sources */,
				50A79B7F235BE43B00F61687 /* Color.swift in Sources */,
				50935BB022B4AA8D00DB2178 /* NotificationView.swift in Sources */,
				50935BB222B4AA8D00DB2178 /* ComplicationController.swift in Sources */,
				508257FF22C357DE00733C3C /* EventDetailView.swift in Sources */,
				5020C7D522C48E5300031599 /* SampleData.swift in Sources */,
			);
			runOnlyForDeploymentPostprocessing = 0;
		};
		50935BD422B4AD6100DB2178 /* Sources */ = {
			isa = PBXSourcesBuildPhase;
			buildActionMask = 2147483647;
			files = (
				50935BE022B4AD6100DB2178 /* CalendarishCoreTests.swift in Sources */,
			);
			runOnlyForDeploymentPostprocessing = 0;
		};
		50B1E75622BB512A004A0B0D /* Sources */ = {
			isa = PBXSourcesBuildPhase;
			buildActionMask = 2147483647;
			files = (
				50EF0BF922C352660070C192 /* Attendee.swift in Sources */,
				50B1E76922BB519A004A0B0D /* EventStore.swift in Sources */,
				50B1E76722BB519A004A0B0D /* Event.swift in Sources */,
				500B0FDF23544B3100C16CD0 /* AccountStore.swift in Sources */,
				50A09F4B22C5EBFF005CDEA1 /* ShortcutController.swift in Sources */,
				50B1E76822BB519A004A0B0D /* Calendar.swift in Sources */,
				5076FD8B23540DEB005AE0D1 /* Account.swift in Sources */,
			);
			runOnlyForDeploymentPostprocessing = 0;
		};
		50C970E222BA0CB2005AF478 /* Sources */ = {
			isa = PBXSourcesBuildPhase;
			buildActionMask = 2147483647;
			files = (
				50C970EE22BA0CB2005AF478 /* CalendarishAPITests.swift in Sources */,
			);
			runOnlyForDeploymentPostprocessing = 0;
		};
/* End PBXSourcesBuildPhase section */

/* Begin PBXTargetDependency section */
		5061CDC423504AAC001E6546 /* PBXTargetDependency */ = {
			isa = PBXTargetDependency;
			target = 5061CDBD23504AAC001E6546 /* CalendarishAPI */;
			targetProxy = 5061CDC323504AAC001E6546 /* PBXContainerItemProxy */;
		};
		5061CDCE23504BAE001E6546 /* PBXTargetDependency */ = {
			isa = PBXTargetDependency;
			target = 50B1E75922BB512A004A0B0D /* CalendarishCore */;
			targetProxy = 5061CDCD23504BAE001E6546 /* PBXContainerItemProxy */;
		};
		50935B9622B4AA8D00DB2178 /* PBXTargetDependency */ = {
			isa = PBXTargetDependency;
			target = 50935B9222B4AA8D00DB2178 /* Calendarish WatchKit App */;
			targetProxy = 50935B9522B4AA8D00DB2178 /* PBXContainerItemProxy */;
		};
		50935BA522B4AA8D00DB2178 /* PBXTargetDependency */ = {
			isa = PBXTargetDependency;
			target = 50935BA122B4AA8D00DB2178 /* Calendarish WatchKit Extension */;
			targetProxy = 50935BA422B4AA8D00DB2178 /* PBXContainerItemProxy */;
		};
		50B1E76022BB512A004A0B0D /* PBXTargetDependency */ = {
			isa = PBXTargetDependency;
			target = 50B1E75922BB512A004A0B0D /* CalendarishCore */;
			targetProxy = 50B1E75F22BB512A004A0B0D /* PBXContainerItemProxy */;
		};
		50D8468225C2944C00D6C476 /* PBXTargetDependency */ = {
			isa = PBXTargetDependency;
			productRef = 50D8468125C2944C00D6C476 /* GTMAppAuth */;
		};
		50F7D15B2378DEE500420604 /* PBXTargetDependency */ = {
			isa = PBXTargetDependency;
			target = 50B1E75922BB512A004A0B0D /* CalendarishCore */;
			targetProxy = 50F7D15A2378DEE500420604 /* PBXContainerItemProxy */;
		};
		50F7D1612378DF6A00420604 /* PBXTargetDependency */ = {
			isa = PBXTargetDependency;
			target = 5061CDBD23504AAC001E6546 /* CalendarishAPI */;
			targetProxy = 50F7D1602378DF6A00420604 /* PBXContainerItemProxy */;
		};
/* End PBXTargetDependency section */

/* Begin PBXVariantGroup section */
		50935B8D22B4AA8D00DB2178 /* LaunchScreen.storyboard */ = {
			isa = PBXVariantGroup;
			children = (
				50935B8E22B4AA8D00DB2178 /* Base */,
			);
			name = LaunchScreen.storyboard;
			sourceTree = "<group>";
		};
		50935B9822B4AA8D00DB2178 /* Interface.storyboard */ = {
			isa = PBXVariantGroup;
			children = (
				50935B9922B4AA8D00DB2178 /* Base */,
			);
			name = Interface.storyboard;
			sourceTree = "<group>";
		};
/* End PBXVariantGroup section */

/* Begin XCBuildConfiguration section */
		5061CDC723504AAC001E6546 /* Debug */ = {
			isa = XCBuildConfiguration;
			buildSettings = {
				APPLICATION_EXTENSION_API_ONLY = YES;
				CODE_SIGN_STYLE = Automatic;
				CURRENT_PROJECT_VERSION = 1;
				DEFINES_MODULE = YES;
				DEVELOPMENT_TEAM = Z72PRUAWF6;
				DYLIB_COMPATIBILITY_VERSION = 1;
				DYLIB_CURRENT_VERSION = 1;
				DYLIB_INSTALL_NAME_BASE = "@rpath";
				GCC_PREPROCESSOR_DEFINITIONS = (
					"DEBUG=1",
					"$(inherited)",
					"SWIFT_PACKAGE=1",
				);
				INFOPLIST_FILE = CalendarishAPI/Info.plist;
				INSTALL_PATH = "$(LOCAL_LIBRARY_DIR)/Frameworks";
				LD_RUNPATH_SEARCH_PATHS = (
					"$(inherited)",
					"@executable_path/Frameworks",
					"@loader_path/Frameworks",
				);
				PRODUCT_BUNDLE_IDENTIFIER = com.maxgoedjen.CalendarishAPI;
				PRODUCT_NAME = "$(TARGET_NAME:c99extidentifier)";
				SDKROOT = watchos;
				SKIP_INSTALL = YES;
				SWIFT_VERSION = 5.0;
				TARGETED_DEVICE_FAMILY = 4;
				VERSIONING_SYSTEM = "apple-generic";
				VERSION_INFO_PREFIX = "";
				WATCHOS_DEPLOYMENT_TARGET = 7.2;
			};
			name = Debug;
		};
		5061CDC823504AAC001E6546 /* Release */ = {
			isa = XCBuildConfiguration;
			buildSettings = {
				APPLICATION_EXTENSION_API_ONLY = YES;
				CODE_SIGN_STYLE = Automatic;
				CURRENT_PROJECT_VERSION = 1;
				DEFINES_MODULE = YES;
				DEVELOPMENT_TEAM = Z72PRUAWF6;
				DYLIB_COMPATIBILITY_VERSION = 1;
				DYLIB_CURRENT_VERSION = 1;
				DYLIB_INSTALL_NAME_BASE = "@rpath";
				GCC_PREPROCESSOR_DEFINITIONS = "SWIFT_PACKAGE=1";
				INFOPLIST_FILE = CalendarishAPI/Info.plist;
				INSTALL_PATH = "$(LOCAL_LIBRARY_DIR)/Frameworks";
				LD_RUNPATH_SEARCH_PATHS = (
					"$(inherited)",
					"@executable_path/Frameworks",
					"@loader_path/Frameworks",
				);
				PRODUCT_BUNDLE_IDENTIFIER = com.maxgoedjen.CalendarishAPI;
				PRODUCT_NAME = "$(TARGET_NAME:c99extidentifier)";
				SDKROOT = watchos;
				SKIP_INSTALL = YES;
				SWIFT_VERSION = 5.0;
				TARGETED_DEVICE_FAMILY = 4;
				VERSIONING_SYSTEM = "apple-generic";
				VERSION_INFO_PREFIX = "";
				WATCHOS_DEPLOYMENT_TARGET = 7.2;
			};
			name = Release;
		};
		50935BBA22B4AA8E00DB2178 /* Debug */ = {
			isa = XCBuildConfiguration;
			buildSettings = {
				ALWAYS_SEARCH_USER_PATHS = NO;
				CLANG_ANALYZER_NONNULL = YES;
				CLANG_ANALYZER_NUMBER_OBJECT_CONVERSION = YES_AGGRESSIVE;
				CLANG_CXX_LANGUAGE_STANDARD = "gnu++14";
				CLANG_CXX_LIBRARY = "libc++";
				CLANG_ENABLE_MODULES = YES;
				CLANG_ENABLE_OBJC_ARC = YES;
				CLANG_ENABLE_OBJC_WEAK = YES;
				CLANG_WARN_BLOCK_CAPTURE_AUTORELEASING = YES;
				CLANG_WARN_BOOL_CONVERSION = YES;
				CLANG_WARN_COMMA = YES;
				CLANG_WARN_CONSTANT_CONVERSION = YES;
				CLANG_WARN_DEPRECATED_OBJC_IMPLEMENTATIONS = YES;
				CLANG_WARN_DIRECT_OBJC_ISA_USAGE = YES_ERROR;
				CLANG_WARN_DOCUMENTATION_COMMENTS = YES;
				CLANG_WARN_EMPTY_BODY = YES;
				CLANG_WARN_ENUM_CONVERSION = YES;
				CLANG_WARN_INFINITE_RECURSION = YES;
				CLANG_WARN_INT_CONVERSION = YES;
				CLANG_WARN_NON_LITERAL_NULL_CONVERSION = YES;
				CLANG_WARN_OBJC_IMPLICIT_RETAIN_SELF = YES;
				CLANG_WARN_OBJC_LITERAL_CONVERSION = YES;
				CLANG_WARN_OBJC_ROOT_CLASS = YES_ERROR;
				CLANG_WARN_RANGE_LOOP_ANALYSIS = YES;
				CLANG_WARN_STRICT_PROTOTYPES = YES;
				CLANG_WARN_SUSPICIOUS_MOVE = YES;
				CLANG_WARN_UNGUARDED_AVAILABILITY = YES_AGGRESSIVE;
				CLANG_WARN_UNREACHABLE_CODE = YES;
				CLANG_WARN__DUPLICATE_METHOD_MATCH = YES;
				COPY_PHASE_STRIP = NO;
				DEBUG_INFORMATION_FORMAT = dwarf;
				ENABLE_STRICT_OBJC_MSGSEND = YES;
				ENABLE_TESTABILITY = YES;
				GCC_C_LANGUAGE_STANDARD = gnu11;
				GCC_DYNAMIC_NO_PIC = NO;
				GCC_NO_COMMON_BLOCKS = YES;
				GCC_OPTIMIZATION_LEVEL = 0;
				GCC_PREPROCESSOR_DEFINITIONS = (
					"$(inherited)",
					"SWIFT_PACKAGE=1",
				);
				GCC_WARN_64_TO_32_BIT_CONVERSION = YES;
				GCC_WARN_ABOUT_RETURN_TYPE = YES_ERROR;
				GCC_WARN_UNDECLARED_SELECTOR = YES;
				GCC_WARN_UNINITIALIZED_AUTOS = YES_AGGRESSIVE;
				GCC_WARN_UNUSED_FUNCTION = YES;
				GCC_WARN_UNUSED_VARIABLE = YES;
				IPHONEOS_DEPLOYMENT_TARGET = 13.0;
				MTL_ENABLE_DEBUG_INFO = INCLUDE_SOURCE;
				MTL_FAST_MATH = YES;
				ONLY_ACTIVE_ARCH = YES;
				SDKROOT = iphoneos;
				SWIFT_ACTIVE_COMPILATION_CONDITIONS = DEBUG;
				SWIFT_OPTIMIZATION_LEVEL = "-Onone";
			};
			name = Debug;
		};
		50935BBB22B4AA8E00DB2178 /* Release */ = {
			isa = XCBuildConfiguration;
			buildSettings = {
				ALWAYS_SEARCH_USER_PATHS = NO;
				CLANG_ANALYZER_NONNULL = YES;
				CLANG_ANALYZER_NUMBER_OBJECT_CONVERSION = YES_AGGRESSIVE;
				CLANG_CXX_LANGUAGE_STANDARD = "gnu++14";
				CLANG_CXX_LIBRARY = "libc++";
				CLANG_ENABLE_MODULES = YES;
				CLANG_ENABLE_OBJC_ARC = YES;
				CLANG_ENABLE_OBJC_WEAK = YES;
				CLANG_WARN_BLOCK_CAPTURE_AUTORELEASING = YES;
				CLANG_WARN_BOOL_CONVERSION = YES;
				CLANG_WARN_COMMA = YES;
				CLANG_WARN_CONSTANT_CONVERSION = YES;
				CLANG_WARN_DEPRECATED_OBJC_IMPLEMENTATIONS = YES;
				CLANG_WARN_DIRECT_OBJC_ISA_USAGE = YES_ERROR;
				CLANG_WARN_DOCUMENTATION_COMMENTS = YES;
				CLANG_WARN_EMPTY_BODY = YES;
				CLANG_WARN_ENUM_CONVERSION = YES;
				CLANG_WARN_INFINITE_RECURSION = YES;
				CLANG_WARN_INT_CONVERSION = YES;
				CLANG_WARN_NON_LITERAL_NULL_CONVERSION = YES;
				CLANG_WARN_OBJC_IMPLICIT_RETAIN_SELF = YES;
				CLANG_WARN_OBJC_LITERAL_CONVERSION = YES;
				CLANG_WARN_OBJC_ROOT_CLASS = YES_ERROR;
				CLANG_WARN_RANGE_LOOP_ANALYSIS = YES;
				CLANG_WARN_STRICT_PROTOTYPES = YES;
				CLANG_WARN_SUSPICIOUS_MOVE = YES;
				CLANG_WARN_UNGUARDED_AVAILABILITY = YES_AGGRESSIVE;
				CLANG_WARN_UNREACHABLE_CODE = YES;
				CLANG_WARN__DUPLICATE_METHOD_MATCH = YES;
				COPY_PHASE_STRIP = NO;
				DEBUG_INFORMATION_FORMAT = "dwarf-with-dsym";
				ENABLE_NS_ASSERTIONS = NO;
				ENABLE_STRICT_OBJC_MSGSEND = YES;
				GCC_C_LANGUAGE_STANDARD = gnu11;
				GCC_NO_COMMON_BLOCKS = YES;
				GCC_PREPROCESSOR_DEFINITIONS = (
					"$(inherited)",
					"SWIFT_PACKAGE=1",
				);
				GCC_WARN_64_TO_32_BIT_CONVERSION = YES;
				GCC_WARN_ABOUT_RETURN_TYPE = YES_ERROR;
				GCC_WARN_UNDECLARED_SELECTOR = YES;
				GCC_WARN_UNINITIALIZED_AUTOS = YES_AGGRESSIVE;
				GCC_WARN_UNUSED_FUNCTION = YES;
				GCC_WARN_UNUSED_VARIABLE = YES;
				IPHONEOS_DEPLOYMENT_TARGET = 13.0;
				MTL_ENABLE_DEBUG_INFO = NO;
				MTL_FAST_MATH = YES;
				SDKROOT = iphoneos;
				SWIFT_COMPILATION_MODE = wholemodule;
				SWIFT_OPTIMIZATION_LEVEL = "-O";
				VALIDATE_PRODUCT = YES;
			};
			name = Release;
		};
		50935BBD22B4AA8E00DB2178 /* Debug */ = {
			isa = XCBuildConfiguration;
			buildSettings = {
				ASSETCATALOG_COMPILER_COMPLICATION_NAME = Complication;
				CODE_SIGN_ENTITLEMENTS = "Calendarish WatchKit Extension/Calendarish.entitlements";
				CODE_SIGN_STYLE = Automatic;
				DEVELOPMENT_ASSET_PATHS = "\"Calendarish WatchKit Extension\"/Preview\\ Content";
				DEVELOPMENT_TEAM = Z72PRUAWF6;
				ENABLE_PREVIEWS = YES;
				GCC_PREPROCESSOR_DEFINITIONS = (
					"DEBUG=1",
					"$(inherited)",
				);
				GCC_TREAT_WARNINGS_AS_ERRORS = YES;
				GCC_WARN_PEDANTIC = YES;
				INFOPLIST_FILE = "Calendarish WatchKit Extension/Info.plist";
				LD_RUNPATH_SEARCH_PATHS = (
					"$(inherited)",
					"@executable_path/Frameworks",
					"@executable_path/../../Frameworks",
				);
				PRODUCT_BUNDLE_IDENTIFIER = com.maxgoedjen.Calendarish.watchkitapp.extension;
				PRODUCT_NAME = Calendarish;
				SDKROOT = watchos;
				SKIP_INSTALL = YES;
				SWIFT_TREAT_WARNINGS_AS_ERRORS = YES;
				SWIFT_VERSION = 5.0;
				TARGETED_DEVICE_FAMILY = 4;
				WATCHOS_DEPLOYMENT_TARGET = 7.2;
			};
			name = Debug;
		};
		50935BBE22B4AA8E00DB2178 /* Release */ = {
			isa = XCBuildConfiguration;
			buildSettings = {
				ASSETCATALOG_COMPILER_COMPLICATION_NAME = Complication;
				CODE_SIGN_ENTITLEMENTS = "Calendarish WatchKit Extension/Calendarish.entitlements";
				CODE_SIGN_STYLE = Automatic;
				DEVELOPMENT_ASSET_PATHS = "\"Calendarish WatchKit Extension\"/Preview\\ Content";
				DEVELOPMENT_TEAM = Z72PRUAWF6;
				ENABLE_PREVIEWS = YES;
				GCC_TREAT_WARNINGS_AS_ERRORS = YES;
				GCC_WARN_PEDANTIC = YES;
				INFOPLIST_FILE = "Calendarish WatchKit Extension/Info.plist";
				LD_RUNPATH_SEARCH_PATHS = (
					"$(inherited)",
					"@executable_path/Frameworks",
					"@executable_path/../../Frameworks",
				);
				PRODUCT_BUNDLE_IDENTIFIER = com.maxgoedjen.Calendarish.watchkitapp.extension;
				PRODUCT_NAME = Calendarish;
				SDKROOT = watchos;
				SKIP_INSTALL = YES;
				SWIFT_TREAT_WARNINGS_AS_ERRORS = YES;
				SWIFT_VERSION = 5.0;
				TARGETED_DEVICE_FAMILY = 4;
				WATCHOS_DEPLOYMENT_TARGET = 7.2;
			};
			name = Release;
		};
		50935BC122B4AA8E00DB2178 /* Debug */ = {
			isa = XCBuildConfiguration;
			buildSettings = {
				ALWAYS_EMBED_SWIFT_STANDARD_LIBRARIES = YES;
				ASSETCATALOG_COMPILER_APPICON_NAME = AppIcon;
				CODE_SIGN_STYLE = Automatic;
				DEVELOPMENT_TEAM = Z72PRUAWF6;
				GCC_TREAT_WARNINGS_AS_ERRORS = YES;
				GCC_WARN_PEDANTIC = YES;
				IBSC_MODULE = Calendarish_WatchKit_Extension;
				INFOPLIST_FILE = "Calendarish WatchKit App/Info.plist";
				PRODUCT_BUNDLE_IDENTIFIER = com.maxgoedjen.Calendarish.watchkitapp;
				PRODUCT_NAME = Calendarish;
				SDKROOT = watchos;
				SKIP_INSTALL = YES;
				SWIFT_TREAT_WARNINGS_AS_ERRORS = YES;
				SWIFT_VERSION = 5.0;
				TARGETED_DEVICE_FAMILY = 4;
				WATCHOS_DEPLOYMENT_TARGET = 7.2;
			};
			name = Debug;
		};
		50935BC222B4AA8E00DB2178 /* Release */ = {
			isa = XCBuildConfiguration;
			buildSettings = {
				ALWAYS_EMBED_SWIFT_STANDARD_LIBRARIES = YES;
				ASSETCATALOG_COMPILER_APPICON_NAME = AppIcon;
				CODE_SIGN_STYLE = Automatic;
				DEVELOPMENT_TEAM = Z72PRUAWF6;
				GCC_TREAT_WARNINGS_AS_ERRORS = YES;
				GCC_WARN_PEDANTIC = YES;
				IBSC_MODULE = Calendarish_WatchKit_Extension;
				INFOPLIST_FILE = "Calendarish WatchKit App/Info.plist";
				PRODUCT_BUNDLE_IDENTIFIER = com.maxgoedjen.Calendarish.watchkitapp;
				PRODUCT_NAME = Calendarish;
				SDKROOT = watchos;
				SKIP_INSTALL = YES;
				SWIFT_TREAT_WARNINGS_AS_ERRORS = YES;
				SWIFT_VERSION = 5.0;
				TARGETED_DEVICE_FAMILY = 4;
				WATCHOS_DEPLOYMENT_TARGET = 7.2;
			};
			name = Release;
		};
		50935BC522B4AA8E00DB2178 /* Debug */ = {
			isa = XCBuildConfiguration;
			buildSettings = {
				ALWAYS_EMBED_SWIFT_STANDARD_LIBRARIES = YES;
				ASSETCATALOG_COMPILER_APPICON_NAME = AppIcon;
				CLANG_ENABLE_MODULES = YES;
				CODE_SIGN_STYLE = Automatic;
				DEVELOPMENT_ASSET_PATHS = "Calendarish/Preview\\ Content";
				DEVELOPMENT_TEAM = Z72PRUAWF6;
				ENABLE_PREVIEWS = YES;
				GCC_TREAT_WARNINGS_AS_ERRORS = YES;
				GCC_WARN_PEDANTIC = YES;
				INFOPLIST_FILE = Calendarish/Info.plist;
				IPHONEOS_DEPLOYMENT_TARGET = 14.4;
				LD_RUNPATH_SEARCH_PATHS = (
					"$(inherited)",
					"@executable_path/Frameworks",
				);
				PRODUCT_BUNDLE_IDENTIFIER = com.maxgoedjen.Calendarish.iosapp;
				PRODUCT_NAME = "$(TARGET_NAME)";
				SWIFT_OBJC_BRIDGING_HEADER = "Calendarish/Calendarish-Bridging-Header.h";
				SWIFT_OPTIMIZATION_LEVEL = "-Onone";
				SWIFT_TREAT_WARNINGS_AS_ERRORS = YES;
				SWIFT_VERSION = 5.0;
				TARGETED_DEVICE_FAMILY = "1,2";
			};
			name = Debug;
		};
		50935BC622B4AA8E00DB2178 /* Release */ = {
			isa = XCBuildConfiguration;
			buildSettings = {
				ALWAYS_EMBED_SWIFT_STANDARD_LIBRARIES = YES;
				ASSETCATALOG_COMPILER_APPICON_NAME = AppIcon;
				CLANG_ENABLE_MODULES = YES;
				CODE_SIGN_STYLE = Automatic;
				DEVELOPMENT_ASSET_PATHS = "Calendarish/Preview\\ Content";
				DEVELOPMENT_TEAM = Z72PRUAWF6;
				ENABLE_PREVIEWS = YES;
				GCC_TREAT_WARNINGS_AS_ERRORS = YES;
				GCC_WARN_PEDANTIC = YES;
				INFOPLIST_FILE = Calendarish/Info.plist;
				IPHONEOS_DEPLOYMENT_TARGET = 14.4;
				LD_RUNPATH_SEARCH_PATHS = (
					"$(inherited)",
					"@executable_path/Frameworks",
				);
				PRODUCT_BUNDLE_IDENTIFIER = com.maxgoedjen.Calendarish.iosapp;
				PRODUCT_NAME = "$(TARGET_NAME)";
				SWIFT_OBJC_BRIDGING_HEADER = "Calendarish/Calendarish-Bridging-Header.h";
				SWIFT_TREAT_WARNINGS_AS_ERRORS = YES;
				SWIFT_VERSION = 5.0;
				TARGETED_DEVICE_FAMILY = "1,2";
			};
			name = Release;
		};
		50935BEC22B4AD6100DB2178 /* Debug */ = {
			isa = XCBuildConfiguration;
			buildSettings = {
				ALWAYS_EMBED_SWIFT_STANDARD_LIBRARIES = YES;
				CODE_SIGN_STYLE = Automatic;
				DEVELOPMENT_TEAM = Z72PRUAWF6;
				GCC_TREAT_WARNINGS_AS_ERRORS = YES;
				GCC_WARN_PEDANTIC = YES;
				INFOPLIST_FILE = CalendarishCoreTests/Info.plist;
				LD_RUNPATH_SEARCH_PATHS = (
					"$(inherited)",
					"@executable_path/Frameworks",
					"@loader_path/Frameworks",
				);
				PRODUCT_BUNDLE_IDENTIFIER = com.maxgoedjen.CalendarishCoreTests;
				PRODUCT_NAME = "$(TARGET_NAME)";
				SDKROOT = watchos;
				SWIFT_TREAT_WARNINGS_AS_ERRORS = YES;
				SWIFT_VERSION = 5.0;
				TARGETED_DEVICE_FAMILY = "1,2";
			};
			name = Debug;
		};
		50935BED22B4AD6100DB2178 /* Release */ = {
			isa = XCBuildConfiguration;
			buildSettings = {
				ALWAYS_EMBED_SWIFT_STANDARD_LIBRARIES = YES;
				CODE_SIGN_STYLE = Automatic;
				DEVELOPMENT_TEAM = Z72PRUAWF6;
				GCC_TREAT_WARNINGS_AS_ERRORS = YES;
				GCC_WARN_PEDANTIC = YES;
				INFOPLIST_FILE = CalendarishCoreTests/Info.plist;
				LD_RUNPATH_SEARCH_PATHS = (
					"$(inherited)",
					"@executable_path/Frameworks",
					"@loader_path/Frameworks",
				);
				PRODUCT_BUNDLE_IDENTIFIER = com.maxgoedjen.CalendarishCoreTests;
				PRODUCT_NAME = "$(TARGET_NAME)";
				SDKROOT = watchos;
				SWIFT_TREAT_WARNINGS_AS_ERRORS = YES;
				SWIFT_VERSION = 5.0;
				TARGETED_DEVICE_FAMILY = "1,2";
			};
			name = Release;
		};
		50B1E76422BB512A004A0B0D /* Debug */ = {
			isa = XCBuildConfiguration;
			buildSettings = {
				APPLICATION_EXTENSION_API_ONLY = YES;
				CODE_SIGN_STYLE = Automatic;
				CURRENT_PROJECT_VERSION = 1;
				DEFINES_MODULE = YES;
				DEVELOPMENT_TEAM = Z72PRUAWF6;
				DYLIB_COMPATIBILITY_VERSION = 1;
				DYLIB_CURRENT_VERSION = 1;
				DYLIB_INSTALL_NAME_BASE = "@rpath";
				GCC_TREAT_WARNINGS_AS_ERRORS = YES;
				GCC_WARN_PEDANTIC = YES;
				INFOPLIST_FILE = CalendarishCore/Info.plist;
				INSTALL_PATH = "$(LOCAL_LIBRARY_DIR)/Frameworks";
				LD_RUNPATH_SEARCH_PATHS = (
					"$(inherited)",
					"@executable_path/Frameworks",
					"@loader_path/Frameworks",
				);
				PRODUCT_BUNDLE_IDENTIFIER = com.maxgoedjen.CalendarishCore;
				PRODUCT_NAME = "$(TARGET_NAME:c99extidentifier)";
				SDKROOT = watchos;
				SKIP_INSTALL = YES;
				SWIFT_TREAT_WARNINGS_AS_ERRORS = YES;
				SWIFT_VERSION = 5.0;
				TARGETED_DEVICE_FAMILY = 4;
				VERSIONING_SYSTEM = "apple-generic";
				VERSION_INFO_PREFIX = "";
				WATCHOS_DEPLOYMENT_TARGET = 7.2;
			};
			name = Debug;
		};
		50B1E76522BB512A004A0B0D /* Release */ = {
			isa = XCBuildConfiguration;
			buildSettings = {
				APPLICATION_EXTENSION_API_ONLY = YES;
				CODE_SIGN_STYLE = Automatic;
				CURRENT_PROJECT_VERSION = 1;
				DEFINES_MODULE = YES;
				DEVELOPMENT_TEAM = Z72PRUAWF6;
				DYLIB_COMPATIBILITY_VERSION = 1;
				DYLIB_CURRENT_VERSION = 1;
				DYLIB_INSTALL_NAME_BASE = "@rpath";
				GCC_TREAT_WARNINGS_AS_ERRORS = YES;
				GCC_WARN_PEDANTIC = YES;
				INFOPLIST_FILE = CalendarishCore/Info.plist;
				INSTALL_PATH = "$(LOCAL_LIBRARY_DIR)/Frameworks";
				LD_RUNPATH_SEARCH_PATHS = (
					"$(inherited)",
					"@executable_path/Frameworks",
					"@loader_path/Frameworks",
				);
				PRODUCT_BUNDLE_IDENTIFIER = com.maxgoedjen.CalendarishCore;
				PRODUCT_NAME = "$(TARGET_NAME:c99extidentifier)";
				SDKROOT = watchos;
				SKIP_INSTALL = YES;
				SWIFT_TREAT_WARNINGS_AS_ERRORS = YES;
				SWIFT_VERSION = 5.0;
				TARGETED_DEVICE_FAMILY = 4;
				VERSIONING_SYSTEM = "apple-generic";
				VERSION_INFO_PREFIX = "";
				WATCHOS_DEPLOYMENT_TARGET = 7.2;
			};
			name = Release;
		};
		50C970F722BA0CB2005AF478 /* Debug */ = {
			isa = XCBuildConfiguration;
			buildSettings = {
				ALWAYS_EMBED_SWIFT_STANDARD_LIBRARIES = YES;
				CODE_SIGN_STYLE = Automatic;
				DEVELOPMENT_TEAM = Z72PRUAWF6;
				GCC_TREAT_WARNINGS_AS_ERRORS = YES;
				GCC_WARN_PEDANTIC = YES;
				INFOPLIST_FILE = CalendarishAPITests/Info.plist;
				LD_RUNPATH_SEARCH_PATHS = (
					"$(inherited)",
					"@executable_path/Frameworks",
					"@loader_path/Frameworks",
				);
				PRODUCT_BUNDLE_IDENTIFIER = com.maxgoedjen.CalendarishAPITests;
				PRODUCT_NAME = "$(TARGET_NAME)";
				SDKROOT = watchos;
				SWIFT_TREAT_WARNINGS_AS_ERRORS = YES;
				SWIFT_VERSION = 5.0;
				TARGETED_DEVICE_FAMILY = "1,2";
			};
			name = Debug;
		};
		50C970F822BA0CB2005AF478 /* Release */ = {
			isa = XCBuildConfiguration;
			buildSettings = {
				ALWAYS_EMBED_SWIFT_STANDARD_LIBRARIES = YES;
				CODE_SIGN_STYLE = Automatic;
				DEVELOPMENT_TEAM = Z72PRUAWF6;
				GCC_TREAT_WARNINGS_AS_ERRORS = YES;
				GCC_WARN_PEDANTIC = YES;
				INFOPLIST_FILE = CalendarishAPITests/Info.plist;
				LD_RUNPATH_SEARCH_PATHS = (
					"$(inherited)",
					"@executable_path/Frameworks",
					"@loader_path/Frameworks",
				);
				PRODUCT_BUNDLE_IDENTIFIER = com.maxgoedjen.CalendarishAPITests;
				PRODUCT_NAME = "$(TARGET_NAME)";
				SDKROOT = watchos;
				SWIFT_TREAT_WARNINGS_AS_ERRORS = YES;
				SWIFT_VERSION = 5.0;
				TARGETED_DEVICE_FAMILY = "1,2";
			};
			name = Release;
		};
/* End XCBuildConfiguration section */

/* Begin XCConfigurationList section */
		5061CDC923504AAC001E6546 /* Build configuration list for PBXNativeTarget "CalendarishAPI" */ = {
			isa = XCConfigurationList;
			buildConfigurations = (
				5061CDC723504AAC001E6546 /* Debug */,
				5061CDC823504AAC001E6546 /* Release */,
			);
			defaultConfigurationIsVisible = 0;
			defaultConfigurationName = Release;
		};
		50935B7C22B4AA8A00DB2178 /* Build configuration list for PBXProject "Calendarish" */ = {
			isa = XCConfigurationList;
			buildConfigurations = (
				50935BBA22B4AA8E00DB2178 /* Debug */,
				50935BBB22B4AA8E00DB2178 /* Release */,
			);
			defaultConfigurationIsVisible = 0;
			defaultConfigurationName = Release;
		};
		50935BBC22B4AA8E00DB2178 /* Build configuration list for PBXNativeTarget "Calendarish WatchKit Extension" */ = {
			isa = XCConfigurationList;
			buildConfigurations = (
				50935BBD22B4AA8E00DB2178 /* Debug */,
				50935BBE22B4AA8E00DB2178 /* Release */,
			);
			defaultConfigurationIsVisible = 0;
			defaultConfigurationName = Release;
		};
		50935BC022B4AA8E00DB2178 /* Build configuration list for PBXNativeTarget "Calendarish WatchKit App" */ = {
			isa = XCConfigurationList;
			buildConfigurations = (
				50935BC122B4AA8E00DB2178 /* Debug */,
				50935BC222B4AA8E00DB2178 /* Release */,
			);
			defaultConfigurationIsVisible = 0;
			defaultConfigurationName = Release;
		};
		50935BC422B4AA8E00DB2178 /* Build configuration list for PBXNativeTarget "Calendarish" */ = {
			isa = XCConfigurationList;
			buildConfigurations = (
				50935BC522B4AA8E00DB2178 /* Debug */,
				50935BC622B4AA8E00DB2178 /* Release */,
			);
			defaultConfigurationIsVisible = 0;
			defaultConfigurationName = Release;
		};
		50935BEB22B4AD6100DB2178 /* Build configuration list for PBXNativeTarget "CalendarishCoreTests" */ = {
			isa = XCConfigurationList;
			buildConfigurations = (
				50935BEC22B4AD6100DB2178 /* Debug */,
				50935BED22B4AD6100DB2178 /* Release */,
			);
			defaultConfigurationIsVisible = 0;
			defaultConfigurationName = Release;
		};
		50B1E76322BB512A004A0B0D /* Build configuration list for PBXNativeTarget "CalendarishCore" */ = {
			isa = XCConfigurationList;
			buildConfigurations = (
				50B1E76422BB512A004A0B0D /* Debug */,
				50B1E76522BB512A004A0B0D /* Release */,
			);
			defaultConfigurationIsVisible = 0;
			defaultConfigurationName = Release;
		};
		50C970FA22BA0CB2005AF478 /* Build configuration list for PBXNativeTarget "CalendarishAPITests" */ = {
			isa = XCConfigurationList;
			buildConfigurations = (
				50C970F722BA0CB2005AF478 /* Debug */,
				50C970F822BA0CB2005AF478 /* Release */,
			);
			defaultConfigurationIsVisible = 0;
			defaultConfigurationName = Release;
		};
/* End XCConfigurationList section */

/* Begin XCRemoteSwiftPackageReference section */
		5018D8B425C2989800F6844B /* XCRemoteSwiftPackageReference "GTMAppAuth" */ = {
			isa = XCRemoteSwiftPackageReference;
			repositoryURL = "https://github.com/google/GTMAppAuth.git";
			requirement = {
				kind = upToNextMajorVersion;
				minimumVersion = 1.1.0;
			};
		};
		5034948824D29AF7007469B1 /* XCRemoteSwiftPackageReference "GTMAppAuth" */ = {
			isa = XCRemoteSwiftPackageReference;
			repositoryURL = "https://github.com/maxgoedjen/GTMAppAuth";
			requirement = {
				branch = spm;
				kind = branch;
			};
		};
		50C95BDF24D295F0006D1318 /* XCRemoteSwiftPackageReference "google-api-objectivec-client-for-rest" */ = {
			isa = XCRemoteSwiftPackageReference;
			repositoryURL = "https://github.com/google/google-api-objectivec-client-for-rest";
			requirement = {
				kind = upToNextMajorVersion;
				minimumVersion = 1.5.1;
			};
		};
		50D8463125C280E200D6C476 /* XCRemoteSwiftPackageReference "AppAuth-iOS" */ = {
			isa = XCRemoteSwiftPackageReference;
			repositoryURL = "https://github.com/maxgoedjen/AppAuth-iOS";
			requirement = {
				branch = nullability;
				kind = branch;
			};
		};
/* End XCRemoteSwiftPackageReference section */

/* Begin XCSwiftPackageProductDependency section */
		5018D8C625C298CF00F6844B /* GTMAppAuth */ = {
			isa = XCSwiftPackageProductDependency;
			package = 5018D8B425C2989800F6844B /* XCRemoteSwiftPackageReference "GTMAppAuth" */;
			productName = GTMAppAuth;
		};
		5018D8CD25C298DE00F6844B /* GTMAppAuth */ = {
			isa = XCSwiftPackageProductDependency;
			package = 5018D8B425C2989800F6844B /* XCRemoteSwiftPackageReference "GTMAppAuth" */;
			productName = GTMAppAuth;
		};
		5018D8D425C2991100F6844B /* GoogleAPIClientForREST_Calendar */ = {
			isa = XCSwiftPackageProductDependency;
			package = 50C95BDF24D295F0006D1318 /* XCRemoteSwiftPackageReference "google-api-objectivec-client-for-rest" */;
			productName = GoogleAPIClientForREST_Calendar;
		};
		50C95BE024D295F0006D1318 /* GoogleAPIClientForREST_Calendar */ = {
			isa = XCSwiftPackageProductDependency;
			package = 50C95BDF24D295F0006D1318 /* XCRemoteSwiftPackageReference "google-api-objectivec-client-for-rest" */;
			productName = GoogleAPIClientForREST_Calendar;
		};
		50C95BE224D295F0006D1318 /* GoogleAPIClientForRESTCore */ = {
			isa = XCSwiftPackageProductDependency;
			package = 50C95BDF24D295F0006D1318 /* XCRemoteSwiftPackageReference "google-api-objectivec-client-for-rest" */;
			productName = GoogleAPIClientForRESTCore;
		};
		50D8463225C280E200D6C476 /* AppAuth */ = {
			isa = XCSwiftPackageProductDependency;
			package = 50D8463125C280E200D6C476 /* XCRemoteSwiftPackageReference "AppAuth-iOS" */;
			productName = AppAuth;
		};
		50D8468125C2944C00D6C476 /* GTMAppAuth */ = {
			isa = XCSwiftPackageProductDependency;
			package = 5034948824D29AF7007469B1 /* XCRemoteSwiftPackageReference "GTMAppAuth" */;
			productName = GTMAppAuth;
		};
		50D8469825C2974800D6C476 /* GoogleAPIClientForRESTCore */ = {
			isa = XCSwiftPackageProductDependency;
			package = 50C95BDF24D295F0006D1318 /* XCRemoteSwiftPackageReference "google-api-objectivec-client-for-rest" */;
			productName = GoogleAPIClientForRESTCore;
		};
/* End XCSwiftPackageProductDependency section */
	};
	rootObject = 50935B7922B4AA8A00DB2178 /* Project object */;
}
